{
  "requires": true,
  "lockfileVersion": 1,
  "dependencies": {
    "react-simple-typewriter": {
      "version": "5.0.1",
      "resolved": "https://registry.npmjs.org/react-simple-typewriter/-/react-simple-typewriter-5.0.1.tgz",
      "integrity": "sha512-vA5HkABwJKL/DJ4RshSlY/igdr+FiVY4MLsSQYJX6FZG/f1/VwN4y1i3mPXRyfaswrvI8xii1kOVe1dYtO2Row=="
    }
  }
}
